// !$*UTF8*$!
{
	archiveVersion = 1;
	classes = {
	};
	objectVersion = 55;
	objects = {

/* Begin PBXBuildFile section */
		2EC87E31286D8EAA00F028E8 /* AppDelegate.swift in Sources */ = {isa = PBXBuildFile; fileRef = 2EC87E30286D8EAA00F028E8 /* AppDelegate.swift */; };
		2EC87E33286D8EAA00F028E8 /* SceneDelegate.swift in Sources */ = {isa = PBXBuildFile; fileRef = 2EC87E32286D8EAA00F028E8 /* SceneDelegate.swift */; };
		2EC87E35286D8EAA00F028E8 /* ViewController.swift in Sources */ = {isa = PBXBuildFile; fileRef = 2EC87E34286D8EAA00F028E8 /* ViewController.swift */; };
		2EC87E38286D8EAA00F028E8 /* Main.storyboard in Resources */ = {isa = PBXBuildFile; fileRef = 2EC87E36286D8EAA00F028E8 /* Main.storyboard */; };
		2EC87E3A286D8EAC00F028E8 /* Assets.xcassets in Resources */ = {isa = PBXBuildFile; fileRef = 2EC87E39286D8EAC00F028E8 /* Assets.xcassets */; };
		2EC87E3D286D8EAC00F028E8 /* LaunchScreen.storyboard in Resources */ = {isa = PBXBuildFile; fileRef = 2EC87E3B286D8EAC00F028E8 /* LaunchScreen.storyboard */; };
		2EC87E46286D90B000F028E8 /* VideoCallUI in Frameworks */ = {isa = PBXBuildFile; productRef = 2EC87E45286D90B000F028E8 /* VideoCallUI */; };
/* End PBXBuildFile section */

/* Begin PBXFileReference section */
		2EC87E2D286D8EAA00F028E8 /* ExampleVideoCallUI.app */ = {isa = PBXFileReference; explicitFileType = wrapper.application; includeInIndex = 0; path = ExampleVideoCallUI.app; sourceTree = BUILT_PRODUCTS_DIR; };
		2EC87E30286D8EAA00F028E8 /* AppDelegate.swift */ = {isa = PBXFileReference; lastKnownFileType = sourcecode.swift; path = AppDelegate.swift; sourceTree = "<group>"; };
		2EC87E32286D8EAA00F028E8 /* SceneDelegate.swift */ = {isa = PBXFileReference; lastKnownFileType = sourcecode.swift; path = SceneDelegate.swift; sourceTree = "<group>"; };
		2EC87E34286D8EAA00F028E8 /* ViewController.swift */ = {isa = PBXFileReference; lastKnownFileType = sourcecode.swift; path = ViewController.swift; sourceTree = "<group>"; };
		2EC87E37286D8EAA00F028E8 /* Base */ = {isa = PBXFileReference; lastKnownFileType = file.storyboard; name = Base; path = Base.lproj/Main.storyboard; sourceTree = "<group>"; };
		2EC87E39286D8EAC00F028E8 /* Assets.xcassets */ = {isa = PBXFileReference; lastKnownFileType = folder.assetcatalog; path = Assets.xcassets; sourceTree = "<group>"; };
		2EC87E3C286D8EAC00F028E8 /* Base */ = {isa = PBXFileReference; lastKnownFileType = file.storyboard; name = Base; path = Base.lproj/LaunchScreen.storyboard; sourceTree = "<group>"; };
		2EC87E3E286D8EAC00F028E8 /* Info.plist */ = {isa = PBXFileReference; lastKnownFileType = text.plist.xml; path = Info.plist; sourceTree = "<group>"; };
/* End PBXFileReference section */

/* Begin PBXFrameworksBuildPhase section */
		2EC87E2A286D8EAA00F028E8 /* Frameworks */ = {
			isa = PBXFrameworksBuildPhase;
			buildActionMask = 2147483647;
			files = (
				2EC87E46286D90B000F028E8 /* VideoCallUI in Frameworks */,
			);
			runOnlyForDeploymentPostprocessing = 0;
		};
/* End PBXFrameworksBuildPhase section */

/* Begin PBXGroup section */
		2EC87E24286D8EAA00F028E8 = {
			isa = PBXGroup;
			children = (
				2EC87E2F286D8EAA00F028E8 /* ExampleVideoCallUI */,
				2EC87E2E286D8EAA00F028E8 /* Products */,
			);
			sourceTree = "<group>";
		};
		2EC87E2E286D8EAA00F028E8 /* Products */ = {
			isa = PBXGroup;
			children = (
				2EC87E2D286D8EAA00F028E8 /* ExampleVideoCallUI.app */,
			);
			name = Products;
			sourceTree = "<group>";
		};
		2EC87E2F286D8EAA00F028E8 /* ExampleVideoCallUI */ = {
			isa = PBXGroup;
			children = (
				2EC87E30286D8EAA00F028E8 /* AppDelegate.swift */,
				2EC87E32286D8EAA00F028E8 /* SceneDelegate.swift */,
				2EC87E34286D8EAA00F028E8 /* ViewController.swift */,
				2EC87E36286D8EAA00F028E8 /* Main.storyboard */,
				2EC87E39286D8EAC00F028E8 /* Assets.xcassets */,
				2EC87E3B286D8EAC00F028E8 /* LaunchScreen.storyboard */,
				2EC87E3E286D8EAC00F028E8 /* Info.plist */,
			);
			path = ExampleVideoCallUI;
			sourceTree = "<group>";
		};
/* End PBXGroup section */

/* Begin PBXNativeTarget section */
		2EC87E2C286D8EAA00F028E8 /* ExampleVideoCallUI */ = {
			isa = PBXNativeTarget;
			buildConfigurationList = 2EC87E41286D8EAC00F028E8 /* Build configuration list for PBXNativeTarget "ExampleVideoCallUI" */;
			buildPhases = (
				2EC87E29286D8EAA00F028E8 /* Sources */,
				2EC87E2A286D8EAA00F028E8 /* Frameworks */,
				2EC87E2B286D8EAA00F028E8 /* Resources */,
			);
			buildRules = (
			);
			dependencies = (
			);
			name = ExampleVideoCallUI;
			packageProductDependencies = (
				2EC87E45286D90B000F028E8 /* VideoCallUI */,
			);
			productName = ExampleVideoCallUI;
			productReference = 2EC87E2D286D8EAA00F028E8 /* ExampleVideoCallUI.app */;
			productType = "com.apple.product-type.application";
		};
/* End PBXNativeTarget section */

/* Begin PBXProject section */
		2EC87E25286D8EAA00F028E8 /* Project object */ = {
			isa = PBXProject;
			attributes = {
				BuildIndependentTargetsInParallel = 1;
				LastSwiftUpdateCheck = 1340;
				LastUpgradeCheck = 1340;
				TargetAttributes = {
					2EC87E2C286D8EAA00F028E8 = {
						CreatedOnToolsVersion = 13.4.1;
					};
				};
			};
			buildConfigurationList = 2EC87E28286D8EAA00F028E8 /* Build configuration list for PBXProject "ExampleVideoCallUI" */;
			compatibilityVersion = "Xcode 13.0";
			developmentRegion = en;
			hasScannedForEncodings = 0;
			knownRegions = (
				en,
				Base,
			);
			mainGroup = 2EC87E24286D8EAA00F028E8;
			packageReferences = (
				2EC87E44286D90B000F028E8 /* XCRemoteSwiftPackageReference "VideoCallUI" */,
			);
			productRefGroup = 2EC87E2E286D8EAA00F028E8 /* Products */;
			projectDirPath = "";
			projectRoot = "";
			targets = (
				2EC87E2C286D8EAA00F028E8 /* ExampleVideoCallUI */,
			);
		};
/* End PBXProject section */

/* Begin PBXResourcesBuildPhase section */
		2EC87E2B286D8EAA00F028E8 /* Resources */ = {
			isa = PBXResourcesBuildPhase;
			buildActionMask = 2147483647;
			files = (
				2EC87E3D286D8EAC00F028E8 /* LaunchScreen.storyboard in Resources */,
				2EC87E3A286D8EAC00F028E8 /* Assets.xcassets in Resources */,
				2EC87E38286D8EAA00F028E8 /* Main.storyboard in Resources */,
			);
			runOnlyForDeploymentPostprocessing = 0;
		};
/* End PBXResourcesBuildPhase section */

/* Begin PBXSourcesBuildPhase section */
		2EC87E29286D8EAA00F028E8 /* Sources */ = {
			isa = PBXSourcesBuildPhase;
			buildActionMask = 2147483647;
			files = (
				2EC87E35286D8EAA00F028E8 /* ViewController.swift in Sources */,
				2EC87E31286D8EAA00F028E8 /* AppDelegate.swift in Sources */,
				2EC87E33286D8EAA00F028E8 /* SceneDelegate.swift in Sources */,
			);
			runOnlyForDeploymentPostprocessing = 0;
		};
/* End PBXSourcesBuildPhase section */

/* Begin PBXVariantGroup section */
		2EC87E36286D8EAA00F028E8 /* Main.storyboard */ = {
			isa = PBXVariantGroup;
			children = (
				2EC87E37286D8EAA00F028E8 /* Base */,
			);
			name = Main.storyboard;
			sourceTree = "<group>";
		};
		2EC87E3B286D8EAC00F028E8 /* LaunchScreen.storyboard */ = {
			isa = PBXVariantGroup;
			children = (
				2EC87E3C286D8EAC00F028E8 /* Base */,
			);
			name = LaunchScreen.storyboard;
			sourceTree = "<group>";
		};
/* End PBXVariantGroup section */

/* Begin XCBuildConfiguration section */
		2EC87E3F286D8EAC00F028E8 /* Debug */ = {
			isa = XCBuildConfiguration;
			buildSettings = {
				ALWAYS_SEARCH_USER_PATHS = NO;
				CLANG_ANALYZER_NONNULL = YES;
				CLANG_ANALYZER_NUMBER_OBJECT_CONVERSION = YES_AGGRESSIVE;
				CLANG_CXX_LANGUAGE_STANDARD = "gnu++17";
				CLANG_ENABLE_MODULES = YES;
				CLANG_ENABLE_OBJC_ARC = YES;
				CLANG_ENABLE_OBJC_WEAK = YES;
				CLANG_WARN_BLOCK_CAPTURE_AUTORELEASING = YES;
				CLANG_WARN_BOOL_CONVERSION = YES;
				CLANG_WARN_COMMA = YES;
				CLANG_WARN_CONSTANT_CONVERSION = YES;
				CLANG_WARN_DEPRECATED_OBJC_IMPLEMENTATIONS = YES;
				CLANG_WARN_DIRECT_OBJC_ISA_USAGE = YES_ERROR;
				CLANG_WARN_DOCUMENTATION_COMMENTS = YES;
				CLANG_WARN_EMPTY_BODY = YES;
				CLANG_WARN_ENUM_CONVERSION = YES;
				CLANG_WARN_INFINITE_RECURSION = YES;
				CLANG_WARN_INT_CONVERSION = YES;
				CLANG_WARN_NON_LITERAL_NULL_CONVERSION = YES;
				CLANG_WARN_OBJC_IMPLICIT_RETAIN_SELF = YES;
				CLANG_WARN_OBJC_LITERAL_CONVERSION = YES;
				CLANG_WARN_OBJC_ROOT_CLASS = YES_ERROR;
				CLANG_WARN_QUOTED_INCLUDE_IN_FRAMEWORK_HEADER = YES;
				CLANG_WARN_RANGE_LOOP_ANALYSIS = YES;
				CLANG_WARN_STRICT_PROTOTYPES = YES;
				CLANG_WARN_SUSPICIOUS_MOVE = YES;
				CLANG_WARN_UNGUARDED_AVAILABILITY = YES_AGGRESSIVE;
				CLANG_WARN_UNREACHABLE_CODE = YES;
				CLANG_WARN__DUPLICATE_METHOD_MATCH = YES;
				COPY_PHASE_STRIP = NO;
				DEBUG_INFORMATION_FORMAT = dwarf;
				ENABLE_STRICT_OBJC_MSGSEND = YES;
				ENABLE_TESTABILITY = YES;
				GCC_C_LANGUAGE_STANDARD = gnu11;
				GCC_DYNAMIC_NO_PIC = NO;
				GCC_NO_COMMON_BLOCKS = YES;
				GCC_OPTIMIZATION_LEVEL = 0;
				GCC_PREPROCESSOR_DEFINITIONS = (
					"DEBUG=1",
					"$(inherited)",
				);
				GCC_WARN_64_TO_32_BIT_CONVERSION = YES;
				GCC_WARN_ABOUT_RETURN_TYPE = YES_ERROR;
				GCC_WARN_UNDECLARED_SELECTOR = YES;
				GCC_WARN_UNINITIALIZED_AUTOS = YES_AGGRESSIVE;
				GCC_WARN_UNUSED_FUNCTION = YES;
				GCC_WARN_UNUSED_VARIABLE = YES;
				IPHONEOS_DEPLOYMENT_TARGET = 15.5;
				MTL_ENABLE_DEBUG_INFO = INCLUDE_SOURCE;
				MTL_FAST_MATH = YES;
				ONLY_ACTIVE_ARCH = YES;
				SDKROOT = iphoneos;
				SWIFT_ACTIVE_COMPILATION_CONDITIONS = DEBUG;
				SWIFT_OPTIMIZATION_LEVEL = "-Onone";
			};
			name = Debug;
		};
		2EC87E40286D8EAC00F028E8 /* Release */ = {
			isa = XCBuildConfiguration;
			buildSettings = {
				ALWAYS_SEARCH_USER_PATHS = NO;
				CLANG_ANALYZER_NONNULL = YES;
				CLANG_ANALYZER_NUMBER_OBJECT_CONVERSION = YES_AGGRESSIVE;
				CLANG_CXX_LANGUAGE_STANDARD = "gnu++17";
				CLANG_ENABLE_MODULES = YES;
				CLANG_ENABLE_OBJC_ARC = YES;
				CLANG_ENABLE_OBJC_WEAK = YES;
				CLANG_WARN_BLOCK_CAPTURE_AUTORELEASING = YES;
				CLANG_WARN_BOOL_CONVERSION = YES;
				CLANG_WARN_COMMA = YES;
				CLANG_WARN_CONSTANT_CONVERSION = YES;
				CLANG_WARN_DEPRECATED_OBJC_IMPLEMENTATIONS = YES;
				CLANG_WARN_DIRECT_OBJC_ISA_USAGE = YES_ERROR;
				CLANG_WARN_DOCUMENTATION_COMMENTS = YES;
				CLANG_WARN_EMPTY_BODY = YES;
				CLANG_WARN_ENUM_CONVERSION = YES;
				CLANG_WARN_INFINITE_RECURSION = YES;
				CLANG_WARN_INT_CONVERSION = YES;
				CLANG_WARN_NON_LITERAL_NULL_CONVERSION = YES;
				CLANG_WARN_OBJC_IMPLICIT_RETAIN_SELF = YES;
				CLANG_WARN_OBJC_LITERAL_CONVERSION = YES;
				CLANG_WARN_OBJC_ROOT_CLASS = YES_ERROR;
				CLANG_WARN_QUOTED_INCLUDE_IN_FRAMEWORK_HEADER = YES;
				CLANG_WARN_RANGE_LOOP_ANALYSIS = YES;
				CLANG_WARN_STRICT_PROTOTYPES = YES;
				CLANG_WARN_SUSPICIOUS_MOVE = YES;
				CLANG_WARN_UNGUARDED_AVAILABILITY = YES_AGGRESSIVE;
				CLANG_WARN_UNREACHABLE_CODE = YES;
				CLANG_WARN__DUPLICATE_METHOD_MATCH = YES;
				COPY_PHASE_STRIP = NO;
				DEBUG_INFORMATION_FORMAT = "dwarf-with-dsym";
				ENABLE_NS_ASSERTIONS = NO;
				ENABLE_STRICT_OBJC_MSGSEND = YES;
				GCC_C_LANGUAGE_STANDARD = gnu11;
				GCC_NO_COMMON_BLOCKS = YES;
				GCC_WARN_64_TO_32_BIT_CONVERSION = YES;
				GCC_WARN_ABOUT_RETURN_TYPE = YES_ERROR;
				GCC_WARN_UNDECLARED_SELECTOR = YES;
				GCC_WARN_UNINITIALIZED_AUTOS = YES_AGGRESSIVE;
				GCC_WARN_UNUSED_FUNCTION = YES;
				GCC_WARN_UNUSED_VARIABLE = YES;
				IPHONEOS_DEPLOYMENT_TARGET = 15.5;
				MTL_ENABLE_DEBUG_INFO = NO;
				MTL_FAST_MATH = YES;
				SDKROOT = iphoneos;
				SWIFT_COMPILATION_MODE = wholemodule;
				SWIFT_OPTIMIZATION_LEVEL = "-O";
				VALIDATE_PRODUCT = YES;
			};
			name = Release;
		};
		2EC87E42286D8EAC00F028E8 /* Debug */ = {
			isa = XCBuildConfiguration;
			buildSettings = {
				ASSETCATALOG_COMPILER_APPICON_NAME = AppIcon;
				ASSETCATALOG_COMPILER_GLOBAL_ACCENT_COLOR_NAME = AccentColor;
				CODE_SIGN_STYLE = Automatic;
				CURRENT_PROJECT_VERSION = 1;
				DEVELOPMENT_TEAM = RD7HUSH4T7;
				GENERATE_INFOPLIST_FILE = YES;
				INFOPLIST_FILE = ExampleVideoCallUI/Info.plist;
				INFOPLIST_KEY_UIApplicationSupportsIndirectInputEvents = YES;
				INFOPLIST_KEY_UILaunchStoryboardName = LaunchScreen;
				INFOPLIST_KEY_UIMainStoryboardFile = Main;
				INFOPLIST_KEY_UISupportedInterfaceOrientations_iPad = "UIInterfaceOrientationPortrait UIInterfaceOrientationPortraitUpsideDown UIInterfaceOrientationLandscapeLeft UIInterfaceOrientationLandscapeRight";
				INFOPLIST_KEY_UISupportedInterfaceOrientations_iPhone = "UIInterfaceOrientationPortrait UIInterfaceOrientationLandscapeLeft UIInterfaceOrientationLandscapeRight";
				LD_RUNPATH_SEARCH_PATHS = (
					"$(inherited)",
					"@executable_path/Frameworks",
				);
				MARKETING_VERSION = 1.0;
				PRODUCT_BUNDLE_IDENTIFIER = com.azharcodes.ExampleVideoCallUI;
				PRODUCT_NAME = "$(TARGET_NAME)";
				SWIFT_EMIT_LOC_STRINGS = YES;
				SWIFT_VERSION = 5.0;
				TARGETED_DEVICE_FAMILY = "1,2";
			};
			name = Debug;
		};
		2EC87E43286D8EAC00F028E8 /* Release */ = {
			isa = XCBuildConfiguration;
			buildSettings = {
				ASSETCATALOG_COMPILER_APPICON_NAME = AppIcon;
				ASSETCATALOG_COMPILER_GLOBAL_ACCENT_COLOR_NAME = AccentColor;
				CODE_SIGN_STYLE = Automatic;
				CURRENT_PROJECT_VERSION = 1;
				DEVELOPMENT_TEAM = RD7HUSH4T7;
				GENERATE_INFOPLIST_FILE = YES;
				INFOPLIST_FILE = ExampleVideoCallUI/Info.plist;
				INFOPLIST_KEY_UIApplicationSupportsIndirectInputEvents = YES;
				INFOPLIST_KEY_UILaunchStoryboardName = LaunchScreen;
				INFOPLIST_KEY_UIMainStoryboardFile = Main;
				INFOPLIST_KEY_UISupportedInterfaceOrientations_iPad = "UIInterfaceOrientationPortrait UIInterfaceOrientationPortraitUpsideDown UIInterfaceOrientationLandscapeLeft UIInterfaceOrientationLandscapeRight";
				INFOPLIST_KEY_UISupportedInterfaceOrientations_iPhone = "UIInterfaceOrientationPortrait UIInterfaceOrientationLandscapeLeft UIInterfaceOrientationLandscapeRight";
				LD_RUNPATH_SEARCH_PATHS = (
					"$(inherited)",
					"@executable_path/Frameworks",
				);
				MARKETING_VERSION = 1.0;
				PRODUCT_BUNDLE_IDENTIFIER = com.azharcodes.ExampleVideoCallUI;
				PRODUCT_NAME = "$(TARGET_NAME)";
				SWIFT_EMIT_LOC_STRINGS = YES;
				SWIFT_VERSION = 5.0;
				TARGETED_DEVICE_FAMILY = "1,2";
			};
			name = Release;
		};
/* End XCBuildConfiguration section */

/* Begin XCConfigurationList section */
		2EC87E28286D8EAA00F028E8 /* Build configuration list for PBXProject "ExampleVideoCallUI" */ = {
			isa = XCConfigurationList;
			buildConfigurations = (
				2EC87E3F286D8EAC00F028E8 /* Debug */,
				2EC87E40286D8EAC00F028E8 /* Release */,
			);
			defaultConfigurationIsVisible = 0;
			defaultConfigurationName = Release;
		};
		2EC87E41286D8EAC00F028E8 /* Build configuration list for PBXNativeTarget "ExampleVideoCallUI" */ = {
			isa = XCConfigurationList;
			buildConfigurations = (
				2EC87E42286D8EAC00F028E8 /* Debug */,
				2EC87E43286D8EAC00F028E8 /* Release */,
			);
			defaultConfigurationIsVisible = 0;
			defaultConfigurationName = Release;
		};
/* End XCConfigurationList section */

/* Begin XCRemoteSwiftPackageReference section */
		2EC87E44286D90B000F028E8 /* XCRemoteSwiftPackageReference "VideoCallUI" */ = {
			isa = XCRemoteSwiftPackageReference;
			repositoryURL = "https://github.com/iamazhar/VideoCallUI";
			requirement = {
				branch = main;
				kind = branch;
			};
		};
/* End XCRemoteSwiftPackageReference section */

/* Begin XCSwiftPackageProductDependency section */
		2EC87E45286D90B000F028E8 /* VideoCallUI */ = {
			isa = XCSwiftPackageProductDependency;
			package = 2EC87E44286D90B000F028E8 /* XCRemoteSwiftPackageReference "VideoCallUI" */;
			productName = VideoCallUI;
		};
/* End XCSwiftPackageProductDependency section */
	};
	rootObject = 2EC87E25286D8EAA00F028E8 /* Project object */;
}
