{
  "pins" : [
    {
      "identity" : "snapkit",
      "kind" : "remoteSourceControl",
      "location" : "https://github.com/SnapKit/SnapKit.git",
      "state" : {
        "revision" : "f222cbdf325885926566172f6f5f06af95473158",
        "version" : "5.6.0"
      }
    },
    {
      "identity" : "videocallui",
      "kind" : "remoteSourceControl",
      "location" : "https://github.com/iamazhar/VideoCallUI",
      "state" : {
        "branch" : "main",
        "revision" : "73e28583594ba9a7fca69db6a473808c00235821"
      }
    }
  ],
  "version" : 2
}
