{
  "pins" : [
    {
      "identity" : "snapkit",
      "kind" : "remoteSourceControl",
      "location" : "https://github.com/SnapKit/SnapKit.git",
      "state" : {
        "revision" : "f222cbdf325885926566172f6f5f06af95473158",
        "version" : "5.6.0"
      }
    },
    {
      "identity" : "videocallui",
      "kind" : "remoteSourceControl",
      "location" : "https://github.com/iamazhar/VideoCallUI",
      "state" : {
        "branch" : "main",
        "revision" : "316f9ca1a7b13561d15ebd1aa47433f79b6ba63a"
      }
    }
  ],
  "version" : 2
}
